
Microsoft Visual Studio Solution File, Format Version 12.00
# Visual Studio Version 16
VisualStudioVersion = 16.0.808.4
MinimumVisualStudioVersion = 10.0.40219.1
Project("{FAE04EC0-301F-11D3-BF4B-00C04F79EFBC}") = "sample", "sample\sample.csproj", "{54D7EAC4-7DDA-4E2C-9F11-88DA2F14F93F}"
EndProject
Global
	GlobalSection(SolutionConfigurationPlatforms) = preSolution
		Debug|Any CPU = Debug|Any CPU
		Release|Any CPU = Release|Any CPU
	EndGlobalSection
	GlobalSection(ProjectConfigurationPlatforms) = postSolution
		{54D7EAC4-7DDA-4E2C-9F11-88DA2F14F93F}.Debug|Any CPU.ActiveCfg = Debug|Any CPU
		{54D7EAC4-7DDA-4E2C-9F11-88DA2F14F93F}.Debug|Any CPU.Build.0 = Debug|Any CPU
		{54D7EAC4-7DDA-4E2C-9F11-88DA2F14F93F}.Release|Any CPU.ActiveCfg = Release|Any CPU
		{54D7EAC4-7DDA-4E2C-9F11-88DA2F14F93F}.Release|Any CPU.Build.0 = Release|Any CPU
	EndGlobalSection
	GlobalSection(SolutionProperties) = preSolution
		HideSolutionNode = FALSE
	EndGlobalSection
	GlobalSection(ExtensibilityGlobals) = postSolution
		SolutionGuid = {5E4B499A-5AE1-4BF6-91BC-3E9F78808D5A}
	EndGlobalSection
EndGlobal
